<?xml version="1.0" encoding="utf-8"?>
<Project ToolsVersion="4.0" xmlns="http://schemas.microsoft.com/developer/msbuild/2003">
  <ItemGroup>
    <Filter Include="Ship">
      <UniqueIdentifier>{8ab2fae1-59b0-44e0-b0aa-6dc6dac2ad83}</UniqueIdentifier>
    </Filter>
    <Filter Include="GameObject">
      <UniqueIdentifier>{fa341442-31ea-4335-b80e-115a573f2c6b}</UniqueIdentifier>
    </Filter>
  </ItemGroup>
  <ItemGroup>
    <Text Include="ReadMe.txt" />
  </ItemGroup>
  <ItemGroup>
    <ClInclude Include="Aircraft.h">
      <Filter>Ship</Filter>
    </ClInclude>
    <ClInclude Include="Ship.h">
      <Filter>Ship</Filter>
    </ClInclude>
    <ClInclude Include="Player.h">
      <Filter>GameObject</Filter>
    </ClInclude>
    <ClInclude Include="Map.h">
      <Filter>GameObject</Filter>
    </ClInclude>
    <ClInclude Include="Manager.h">
      <Filter>GameObject</Filter>
    </ClInclude>
    <ClInclude Include="targetver.h" />
    <ClInclude Include="stdafx.h" />
    <ClInclude Include="Struct.h" />
  </ItemGroup>
  <ItemGroup>
    <ClCompile Include="Aircraft.cpp">
      <Filter>Ship</Filter>
    </ClCompile>
    <ClCompile Include="Ship.cpp">
      <Filter>Ship</Filter>
    </ClCompile>
    <ClCompile Include="Player.cpp">
      <Filter>GameObject</Filter>
    </ClCompile>
    <ClCompile Include="Map.cpp">
      <Filter>GameObject</Filter>
    </ClCompile>
    <ClCompile Include="Manager.cpp">
      <Filter>GameObject</Filter>
    </ClCompile>
    <ClCompile Include="BattleShip_pp.cpp" />
    <ClCompile Include="stdafx.cpp" />
  </ItemGroup>
</Project>